
Microsoft Visual Studio Solution File, Format Version 12.00
# Visual Studio Version 17
VisualStudioVersion = 17.8.34525.116
MinimumVisualStudioVersion = 10.0.40219.1
Project("{FAE04EC0-301F-11D3-BF4B-00C04F79EFBC}") = "funcaoriturn", "funcaoriturn\funcaoriturn.csproj", "{D5D59A07-395A-4D39-A0B8-D27FF8E57BE2}"
EndProject
Global
	GlobalSection(SolutionConfigurationPlatforms) = preSolution
		Debug|Any CPU = Debug|Any CPU
		Release|Any CPU = Release|Any CPU
	EndGlobalSection
	GlobalSection(ProjectConfigurationPlatforms) = postSolution
		{D5D59A07-395A-4D39-A0B8-D27FF8E57BE2}.Debug|Any CPU.ActiveCfg = Debug|Any CPU
		{D5D59A07-395A-4D39-A0B8-D27FF8E57BE2}.Debug|Any CPU.Build.0 = Debug|Any CPU
		{D5D59A07-395A-4D39-A0B8-D27FF8E57BE2}.Release|Any CPU.ActiveCfg = Release|Any CPU
		{D5D59A07-395A-4D39-A0B8-D27FF8E57BE2}.Release|Any CPU.Build.0 = Release|Any CPU
	EndGlobalSection
	GlobalSection(SolutionProperties) = preSolution
		HideSolutionNode = FALSE
	EndGlobalSection
	GlobalSection(ExtensibilityGlobals) = postSolution
		SolutionGuid = {E2E5A86C-D473-4280-BB71-8ED83F7BDDC8}
	EndGlobalSection
EndGlobal
